
Microsoft Visual Studio Solution File, Format Version 12.00
# Visual Studio 2017
Project("{FAE04EC0-301F-11D3-BF4B-00C04F79EFBC}") = "Try 1.Plugins", "Try 1.Plugins.csproj", "{ADD9DF64-E331-2C8D-F82A-E5B97B2F493D}"
EndProject
Project("{FAE04EC0-301F-11D3-BF4B-00C04F79EFBC}") = "Try 1", "Try 1.csproj", "{877E892B-15A3-1448-4032-800E0323C75F}"
EndProject
Project("{FAE04EC0-301F-11D3-BF4B-00C04F79EFBC}") = "Try 1.Editor.Plugins", "Try 1.Editor.Plugins.csproj", "{1F5C4189-2DA6-22E8-25EE-4FE75DA08E2F}"
EndProject
Global
	GlobalSection(SolutionConfigurationPlatforms) = preSolution
		Debug|Any CPU = Debug|Any CPU
		Release|Any CPU = Release|Any CPU
	EndGlobalSection
	GlobalSection(ProjectConfigurationPlatforms) = postSolution
		{ADD9DF64-E331-2C8D-F82A-E5B97B2F493D}.Debug|Any CPU.ActiveCfg = Debug|Any CPU
		{ADD9DF64-E331-2C8D-F82A-E5B97B2F493D}.Debug|Any CPU.Build.0 = Debug|Any CPU
		{ADD9DF64-E331-2C8D-F82A-E5B97B2F493D}.Release|Any CPU.ActiveCfg = Release|Any CPU
		{ADD9DF64-E331-2C8D-F82A-E5B97B2F493D}.Release|Any CPU.Build.0 = Release|Any CPU
		{877E892B-15A3-1448-4032-800E0323C75F}.Debug|Any CPU.ActiveCfg = Debug|Any CPU
		{877E892B-15A3-1448-4032-800E0323C75F}.Debug|Any CPU.Build.0 = Debug|Any CPU
		{877E892B-15A3-1448-4032-800E0323C75F}.Release|Any CPU.ActiveCfg = Release|Any CPU
		{877E892B-15A3-1448-4032-800E0323C75F}.Release|Any CPU.Build.0 = Release|Any CPU
		{1F5C4189-2DA6-22E8-25EE-4FE75DA08E2F}.Debug|Any CPU.ActiveCfg = Debug|Any CPU
		{1F5C4189-2DA6-22E8-25EE-4FE75DA08E2F}.Debug|Any CPU.Build.0 = Debug|Any CPU
		{1F5C4189-2DA6-22E8-25EE-4FE75DA08E2F}.Release|Any CPU.ActiveCfg = Release|Any CPU
		{1F5C4189-2DA6-22E8-25EE-4FE75DA08E2F}.Release|Any CPU.Build.0 = Release|Any CPU
	EndGlobalSection
	GlobalSection(SolutionProperties) = preSolution
		HideSolutionNode = FALSE
	EndGlobalSection
EndGlobal
